
Microsoft Visual Studio Solution File, Format Version 12.00
# Visual Studio Version 16
VisualStudioVersion = 16.0.28803.202
MinimumVisualStudioVersion = 10.0.40219.1
Project("{FAE04EC0-301F-11D3-BF4B-00C04F79EFBC}") = "Neurones", "Neurones\Neurones.csproj", "{19948D87-AEBF-41A2-AE28-88830BF3F55E}"
EndProject
Project("{FAE04EC0-301F-11D3-BF4B-00C04F79EFBC}") = "NeuronesTest", "NeuronesTest\NeuronesTest.csproj", "{D1517858-2EFD-4D0C-BA98-7B34B1D71963}"
EndProject
Global
	GlobalSection(SolutionConfigurationPlatforms) = preSolution
		Debug|Any CPU = Debug|Any CPU
		Release|Any CPU = Release|Any CPU
	EndGlobalSection
	GlobalSection(ProjectConfigurationPlatforms) = postSolution
		{19948D87-AEBF-41A2-AE28-88830BF3F55E}.Debug|Any CPU.ActiveCfg = Debug|Any CPU
		{19948D87-AEBF-41A2-AE28-88830BF3F55E}.Debug|Any CPU.Build.0 = Debug|Any CPU
		{19948D87-AEBF-41A2-AE28-88830BF3F55E}.Release|Any CPU.ActiveCfg = Release|Any CPU
		{19948D87-AEBF-41A2-AE28-88830BF3F55E}.Release|Any CPU.Build.0 = Release|Any CPU
		{D1517858-2EFD-4D0C-BA98-7B34B1D71963}.Debug|Any CPU.ActiveCfg = Debug|Any CPU
		{D1517858-2EFD-4D0C-BA98-7B34B1D71963}.Debug|Any CPU.Build.0 = Debug|Any CPU
		{D1517858-2EFD-4D0C-BA98-7B34B1D71963}.Release|Any CPU.ActiveCfg = Release|Any CPU
		{D1517858-2EFD-4D0C-BA98-7B34B1D71963}.Release|Any CPU.Build.0 = Release|Any CPU
	EndGlobalSection
	GlobalSection(SolutionProperties) = preSolution
		HideSolutionNode = FALSE
	EndGlobalSection
	GlobalSection(ExtensibilityGlobals) = postSolution
		SolutionGuid = {27E86908-3EB8-4B7F-AFED-6B642F1818DF}
	EndGlobalSection
EndGlobal
